<?xml version="1.0" encoding="utf-8"?>
<Project ToolsVersion="4.0" xmlns="http://schemas.microsoft.com/developer/msbuild/2003">
  <ItemGroup>
    <Filter Include="Source Files">
      <UniqueIdentifier>{4FC737F1-C7A5-4376-A066-2A32D752A2FF}</UniqueIdentifier>
      <Extensions>cpp;c;cc;cxx;def;odl;idl;hpj;bat;asm;asmx</Extensions>
    </Filter>
    <Filter Include="Header Files">
      <UniqueIdentifier>{93995380-89BD-4b04-88EB-625FBE52EBFB}</UniqueIdentifier>
      <Extensions>h;hh;hpp;hxx;hm;inl;inc;ipp;xsd</Extensions>
    </Filter>
    <Filter Include="Resource Files">
      <UniqueIdentifier>{67DA6AB6-F800-4c08-8B7A-83BB121AAD01}</UniqueIdentifier>
      <Extensions>rc;ico;cur;bmp;dlg;rc2;rct;bin;rgs;gif;jpg;jpeg;jpe;resx;tiff;tif;png;wav;mfcribbon-ms</Extensions>
    </Filter>
  </ItemGroup>
  <ItemGroup>
    <ClInclude Include="pch.h">
      <Filter>Header Files</Filter>
    </ClInclude>
    <ClInclude Include="Fighter.h">
      <Filter>Header Files</Filter>
    </ClInclude>
    <ClInclude Include="Grab.h">
      <Filter>Header Files</Filter>
    </ClInclude>
    <ClInclude Include="Ground Pound.h">
      <Filter>Header Files</Filter>
    </ClInclude>
    <ClInclude Include="Helpers.h">
      <Filter>Header Files</Filter>
    </ClInclude>
    <ClInclude Include="Jump.h">
      <Filter>Header Files</Filter>
    </ClInclude>
    <ClInclude Include="Kick.h">
      <Filter>Header Files</Filter>
    </ClInclude>
    <ClInclude Include="Mario.h">
      <Filter>Header Files</Filter>
    </ClInclude>
    <ClInclude Include="Move.h">
      <Filter>Header Files</Filter>
    </ClInclude>
    <ClInclude Include="Typedefs.h">
      <Filter>Header Files</Filter>
    </ClInclude>
    <ClInclude Include="PlayerMoveSelector.h">
      <Filter>Header Files</Filter>
    </ClInclude>
    <ClInclude Include="Charge.h">
      <Filter>Header Files</Filter>
    </ClInclude>
    <ClInclude Include="Bite.h">
      <Filter>Header Files</Filter>
    </ClInclude>
    <ClInclude Include="CPUMoveSelector.h">
      <Filter>Header Files</Filter>
    </ClInclude>
    <ClInclude Include="Goomba.h">
      <Filter>Header Files</Filter>
    </ClInclude>
    <ClInclude Include="BattleEngine.h">
      <Filter>Header Files</Filter>
    </ClInclude>
    <ClInclude Include="ShellToss.h">
      <Filter>Header Files</Filter>
    </ClInclude>
    <ClInclude Include="PowerShell.h">
      <Filter>Header Files</Filter>
    </ClInclude>
    <ClInclude Include="Koopa.h">
      <Filter>Header Files</Filter>
    </ClInclude>
  </ItemGroup>
  <ItemGroup>
    <ClCompile Include="pch.cpp">
      <Filter>Source Files</Filter>
    </ClCompile>
    <ClCompile Include="Fighter.cpp">
      <Filter>Source Files</Filter>
    </ClCompile>
    <ClCompile Include="Grab.cpp">
      <Filter>Source Files</Filter>
    </ClCompile>
    <ClCompile Include="Ground Pound.cpp">
      <Filter>Source Files</Filter>
    </ClCompile>
    <ClCompile Include="Jump.cpp">
      <Filter>Source Files</Filter>
    </ClCompile>
    <ClCompile Include="Kick.cpp">
      <Filter>Source Files</Filter>
    </ClCompile>
    <ClCompile Include="main.cpp">
      <Filter>Source Files</Filter>
    </ClCompile>
    <ClCompile Include="Mario.cpp">
      <Filter>Source Files</Filter>
    </ClCompile>
    <ClCompile Include="Move.cpp">
      <Filter>Source Files</Filter>
    </ClCompile>
    <ClCompile Include="PlayerMoveSelector.cpp">
      <Filter>Source Files</Filter>
    </ClCompile>
    <ClCompile Include="Charge.cpp">
      <Filter>Source Files</Filter>
    </ClCompile>
    <ClCompile Include="Bite.cpp">
      <Filter>Source Files</Filter>
    </ClCompile>
    <ClCompile Include="CPUMoveSelector.cpp">
      <Filter>Source Files</Filter>
    </ClCompile>
    <ClCompile Include="Goomba.cpp">
      <Filter>Source Files</Filter>
    </ClCompile>
    <ClCompile Include="BattleEngine.cpp">
      <Filter>Source Files</Filter>
    </ClCompile>
    <ClCompile Include="ShellToss.cpp">
      <Filter>Source Files</Filter>
    </ClCompile>
    <ClCompile Include="PowerShell.cpp">
      <Filter>Source Files</Filter>
    </ClCompile>
    <ClCompile Include="Koopa.cpp">
      <Filter>Source Files</Filter>
    </ClCompile>
  </ItemGroup>
  <ItemGroup>
    <Text Include="CMakeLists.txt" />
  </ItemGroup>
</Project>